github.com/go-eden/routine v1.0.2 h1:+SzgfGk230QI5mvvr+i0Shk5GZrBAZbEtvT5bp2Fxn8=
github.com/go-eden/routine v1.0.2/go.mod h1:rzXtSZh2h5HQwNsfLgYY4xjtHe3mU6z5T2tzmOxvNRM=
github.com/timandy/routine v1.1.6 h1:cueNRVPutK8O6387LL7dmYPLNyS6aKlPCPi5qWCLdc8=
github.com/timandy/routine v1.1.6/go.mod h1:kXslgIosdY8LW0byTyPnenDgn4/azt2euufAq9rK51w=
